{
  "name": "pretty-html",
  "version": "0.0.0",
  "lockfileVersion": 1,
  "requires": true,
  "dependencies": {
    "ibg-html-pretty": {
      "version": "1.0.1",
      "resolved": "https://registry.npmjs.org/ibg-html-pretty/-/ibg-html-pretty-1.0.1.tgz",
      "integrity": "sha512-HmtAPEPvcppAN7dsEbwDS2vha5LxquLyAGdpnkRDg0F/w2llYSTSzv63CX0zeOXNXvv2wNkHMSLj2EyvMTp9/w==",
      "requires": {
        "parse5": "^5.0.0"
      }
    },
    "parse5": {
      "version": "5.0.0",
      "resolved": "https://registry.npmjs.org/parse5/-/parse5-5.0.0.tgz",
      "integrity": "sha512-0ywuiUOnpWWeil5grH2rxjyTJoeQVwyBuO2si6QIU9dWtj2npjuyK1HaY1RbLnVfDhEbhyAPNUBKRK0Xj2xE0w=="
    }
  }
}
